github.com/lib/pq v1.10.7 h1:p7ZhMD+KsSRozJr34udlUrhboJwWAgCg34+/ZZNvZZw=
github.com/lib/pq v1.10.7/go.mod h1:AlVN5x4E4T544tWzH6hKfbfQvm3HdbOxrmggDNAPY9o=
github.com/mathisve/postgresStore v0.2.5 h1:c0drvPr8dvVzRfXiIHeu0quA/5V6x8kCxlNth8W4jVY=
github.com/mathisve/postgresStore v0.2.5/go.mod h1:/EE2xNSHBk3MWP7xB7/FhjhsvrDTmiy8c5gXMIGo794=
